
Microsoft Visual Studio Solution File, Format Version 12.00
# Visual Studio Version 16
VisualStudioVersion = 16.0.29201.188
MinimumVisualStudioVersion = 10.0.40219.1
Project("{FAE04EC0-301F-11D3-BF4B-00C04F79EFBC}") = "Desafio", "Desafio.csproj", "{492FC8AC-DFB2-4087-8C7F-D50F243A4F29}"
EndProject
Global
	GlobalSection(SolutionConfigurationPlatforms) = preSolution
		Debug|Any CPU = Debug|Any CPU
		Release|Any CPU = Release|Any CPU
	EndGlobalSection
	GlobalSection(ProjectConfigurationPlatforms) = postSolution
		{492FC8AC-DFB2-4087-8C7F-D50F243A4F29}.Debug|Any CPU.ActiveCfg = Debug|Any CPU
		{492FC8AC-DFB2-4087-8C7F-D50F243A4F29}.Debug|Any CPU.Build.0 = Debug|Any CPU
		{492FC8AC-DFB2-4087-8C7F-D50F243A4F29}.Release|Any CPU.ActiveCfg = Release|Any CPU
		{492FC8AC-DFB2-4087-8C7F-D50F243A4F29}.Release|Any CPU.Build.0 = Release|Any CPU
	EndGlobalSection
	GlobalSection(SolutionProperties) = preSolution
		HideSolutionNode = FALSE
	EndGlobalSection
	GlobalSection(ExtensibilityGlobals) = postSolution
		SolutionGuid = {299F5FFB-E281-4FE1-A58F-3934A5FE1961}
	EndGlobalSection
EndGlobal
